
Microsoft Visual Studio Solution File, Format Version 12.00
# Visual Studio Version 17
VisualStudioVersion = 17.13.35919.96 d17.13
MinimumVisualStudioVersion = 10.0.40219.1
Project("{FAE04EC0-301F-11D3-BF4B-00C04F79EFBC}") = "UsingStack", "UsingStack\UsingStack.csproj", "{FAD8AF2F-77E4-401E-8106-A972E3E716AC}"
EndProject
Global
	GlobalSection(SolutionConfigurationPlatforms) = preSolution
		Debug|Any CPU = Debug|Any CPU
		Release|Any CPU = Release|Any CPU
	EndGlobalSection
	GlobalSection(ProjectConfigurationPlatforms) = postSolution
		{FAD8AF2F-77E4-401E-8106-A972E3E716AC}.Debug|Any CPU.ActiveCfg = Debug|Any CPU
		{FAD8AF2F-77E4-401E-8106-A972E3E716AC}.Debug|Any CPU.Build.0 = Debug|Any CPU
		{FAD8AF2F-77E4-401E-8106-A972E3E716AC}.Release|Any CPU.ActiveCfg = Release|Any CPU
		{FAD8AF2F-77E4-401E-8106-A972E3E716AC}.Release|Any CPU.Build.0 = Release|Any CPU
	EndGlobalSection
	GlobalSection(SolutionProperties) = preSolution
		HideSolutionNode = FALSE
	EndGlobalSection
	GlobalSection(ExtensibilityGlobals) = postSolution
		SolutionGuid = {1B69206D-8208-4780-AFE8-6EDC79F22E13}
	EndGlobalSection
EndGlobal
